
Microsoft Visual Studio Solution File, Format Version 12.00
Project("{FAE04EC0-301F-11D3-BF4B-00C04F79EFBC}") = "NGeoKDBush", "NGeoKDBush.csproj", "{7CDBA976-3E34-44D0-B861-8DBA9EFECBD1}"
EndProject
Project("{FAE04EC0-301F-11D3-BF4B-00C04F79EFBC}") = "NGeoKDBush.Test", "NGeoKDBush.Test\NGeoKDBush.Test.csproj", "{A851002C-604F-44AC-91D9-E83D341B559D}"
EndProject
Global
	GlobalSection(SolutionConfigurationPlatforms) = preSolution
		Debug|Any CPU = Debug|Any CPU
		Release|Any CPU = Release|Any CPU
	EndGlobalSection
	GlobalSection(ProjectConfigurationPlatforms) = postSolution
		{7CDBA976-3E34-44D0-B861-8DBA9EFECBD1}.Debug|Any CPU.ActiveCfg = Debug|Any CPU
		{7CDBA976-3E34-44D0-B861-8DBA9EFECBD1}.Debug|Any CPU.Build.0 = Debug|Any CPU
		{7CDBA976-3E34-44D0-B861-8DBA9EFECBD1}.Release|Any CPU.ActiveCfg = Release|Any CPU
		{7CDBA976-3E34-44D0-B861-8DBA9EFECBD1}.Release|Any CPU.Build.0 = Release|Any CPU
		{A851002C-604F-44AC-91D9-E83D341B559D}.Debug|Any CPU.ActiveCfg = Debug|Any CPU
		{A851002C-604F-44AC-91D9-E83D341B559D}.Debug|Any CPU.Build.0 = Debug|Any CPU
		{A851002C-604F-44AC-91D9-E83D341B559D}.Release|Any CPU.ActiveCfg = Release|Any CPU
		{A851002C-604F-44AC-91D9-E83D341B559D}.Release|Any CPU.Build.0 = Release|Any CPU
	EndGlobalSection
EndGlobal
